
Microsoft Visual Studio Solution File, Format Version 12.00
# Visual Studio Version 16
VisualStudioVersion = 16.0.31515.178
MinimumVisualStudioVersion = 10.0.40219.1
Project("{FAE04EC0-301F-11D3-BF4B-00C04F79EFBC}") = "Projeto2", "Projeto2\Projeto2.csproj", "{BBB8DBB4-1064-4F51-89AB-BC8B0CD33C4A}"
EndProject
Global
	GlobalSection(SolutionConfigurationPlatforms) = preSolution
		Debug|Any CPU = Debug|Any CPU
		Release|Any CPU = Release|Any CPU
	EndGlobalSection
	GlobalSection(ProjectConfigurationPlatforms) = postSolution
		{BBB8DBB4-1064-4F51-89AB-BC8B0CD33C4A}.Debug|Any CPU.ActiveCfg = Debug|Any CPU
		{BBB8DBB4-1064-4F51-89AB-BC8B0CD33C4A}.Debug|Any CPU.Build.0 = Debug|Any CPU
		{BBB8DBB4-1064-4F51-89AB-BC8B0CD33C4A}.Release|Any CPU.ActiveCfg = Release|Any CPU
		{BBB8DBB4-1064-4F51-89AB-BC8B0CD33C4A}.Release|Any CPU.Build.0 = Release|Any CPU
	EndGlobalSection
	GlobalSection(SolutionProperties) = preSolution
		HideSolutionNode = FALSE
	EndGlobalSection
	GlobalSection(ExtensibilityGlobals) = postSolution
		SolutionGuid = {7858D765-1A1B-4CAF-86A4-49C076332B2E}
	EndGlobalSection
EndGlobal
